// !$*UTF8*$!
{
	archiveVersion = 1;
	classes = {
	};
	objectVersion = 50;
	objects = {

/* Begin PBXBuildFile section */
		48CFAE4A20A26813002D51D3 /* AppDelegate.swift in Sources */ = {isa = PBXBuildFile; fileRef = 48CFAE4920A26813002D51D3 /* AppDelegate.swift */; };
		48CFAE4C20A26813002D51D3 /* ViewController.swift in Sources */ = {isa = PBXBuildFile; fileRef = 48CFAE4B20A26813002D51D3 /* ViewController.swift */; };
		48CFAE4F20A26813002D51D3 /* Main.storyboard in Resources */ = {isa = PBXBuildFile; fileRef = 48CFAE4D20A26813002D51D3 /* Main.storyboard */; };
		48CFAE5120A26815002D51D3 /* Assets.xcassets in Resources */ = {isa = PBXBuildFile; fileRef = 48CFAE5020A26814002D51D3 /* Assets.xcassets */; };
		48CFAE5420A26815002D51D3 /* LaunchScreen.storyboard in Resources */ = {isa = PBXBuildFile; fileRef = 48CFAE5220A26815002D51D3 /* LaunchScreen.storyboard */; };
		48CFAE5C20A269F9002D51D3 /* ItemCell.swift in Sources */ = {isa = PBXBuildFile; fileRef = 48CFAE5B20A269F9002D51D3 /* ItemCell.swift */; };
		48CFAE5E20A26BB2002D51D3 /* FetchedItem.swift in Sources */ = {isa = PBXBuildFile; fileRef = 48CFAE5D20A26BB2002D51D3 /* FetchedItem.swift */; };
		48CFAE6020A26D13002D51D3 /* Networking.swift in Sources */ = {isa = PBXBuildFile; fileRef = 48CFAE5F20A26D13002D51D3 /* Networking.swift */; };
		B85B6F0A6DBA630EAF1EF2FE /* Pods_bestBuyAppPractice.framework in Frameworks */ = {isa = PBXBuildFile; fileRef = 6D8AD025746B3469801068B2 /* Pods_bestBuyAppPractice.framework */; };
/* End PBXBuildFile section */

/* Begin PBXFileReference section */
		48CFAE4620A26813002D51D3 /* bestBuyAppPractice.app */ = {isa = PBXFileReference; explicitFileType = wrapper.application; includeInIndex = 0; path = bestBuyAppPractice.app; sourceTree = BUILT_PRODUCTS_DIR; };
		48CFAE4920A26813002D51D3 /* AppDelegate.swift */ = {isa = PBXFileReference; lastKnownFileType = sourcecode.swift; path = AppDelegate.swift; sourceTree = "<group>"; };
		48CFAE4B20A26813002D51D3 /* ViewController.swift */ = {isa = PBXFileReference; lastKnownFileType = sourcecode.swift; path = ViewController.swift; sourceTree = "<group>"; };
		48CFAE4E20A26813002D51D3 /* Base */ = {isa = PBXFileReference; lastKnownFileType = file.storyboard; name = Base; path = Base.lproj/Main.storyboard; sourceTree = "<group>"; };
		48CFAE5020A26814002D51D3 /* Assets.xcassets */ = {isa = PBXFileReference; lastKnownFileType = folder.assetcatalog; path = Assets.xcassets; sourceTree = "<group>"; };
		48CFAE5320A26815002D51D3 /* Base */ = {isa = PBXFileReference; lastKnownFileType = file.storyboard; name = Base; path = Base.lproj/LaunchScreen.storyboard; sourceTree = "<group>"; };
		48CFAE5520A26815002D51D3 /* Info.plist */ = {isa = PBXFileReference; lastKnownFileType = text.plist.xml; path = Info.plist; sourceTree = "<group>"; };
		48CFAE5B20A269F9002D51D3 /* ItemCell.swift */ = {isa = PBXFileReference; lastKnownFileType = sourcecode.swift; path = ItemCell.swift; sourceTree = "<group>"; };
		48CFAE5D20A26BB2002D51D3 /* FetchedItem.swift */ = {isa = PBXFileReference; lastKnownFileType = sourcecode.swift; path = FetchedItem.swift; sourceTree = "<group>"; };
		48CFAE5F20A26D13002D51D3 /* Networking.swift */ = {isa = PBXFileReference; lastKnownFileType = sourcecode.swift; path = Networking.swift; sourceTree = "<group>"; };
		6D8AD025746B3469801068B2 /* Pods_bestBuyAppPractice.framework */ = {isa = PBXFileReference; explicitFileType = wrapper.framework; includeInIndex = 0; path = Pods_bestBuyAppPractice.framework; sourceTree = BUILT_PRODUCTS_DIR; };
		6F57790A7841C98F9708267E /* Pods-bestBuyAppPractice.debug.xcconfig */ = {isa = PBXFileReference; includeInIndex = 1; lastKnownFileType = text.xcconfig; name = "Pods-bestBuyAppPractice.debug.xcconfig"; path = "Pods/Target Support Files/Pods-bestBuyAppPractice/Pods-bestBuyAppPractice.debug.xcconfig"; sourceTree = "<group>"; };
		9D9CB812D17A3AF5D1ED76B3 /* Pods-bestBuyAppPractice.release.xcconfig */ = {isa = PBXFileReference; includeInIndex = 1; lastKnownFileType = text.xcconfig; name = "Pods-bestBuyAppPractice.release.xcconfig"; path = "Pods/Target Support Files/Pods-bestBuyAppPractice/Pods-bestBuyAppPractice.release.xcconfig"; sourceTree = "<group>"; };
/* End PBXFileReference section */

/* Begin PBXFrameworksBuildPhase section */
		48CFAE4320A26813002D51D3 /* Frameworks */ = {
			isa = PBXFrameworksBuildPhase;
			buildActionMask = 2147483647;
			files = (
				B85B6F0A6DBA630EAF1EF2FE /* Pods_bestBuyAppPractice.framework in Frameworks */,
			);
			runOnlyForDeploymentPostprocessing = 0;
		};
/* End PBXFrameworksBuildPhase section */

/* Begin PBXGroup section */
		48CFAE3D20A26812002D51D3 = {
			isa = PBXGroup;
			children = (
				48CFAE4820A26813002D51D3 /* bestBuyAppPractice */,
				48CFAE4720A26813002D51D3 /* Products */,
				D5E0D961456A71E43C46C904 /* Pods */,
				CA08D4463E4DD9B3DCAE90CD /* Frameworks */,
			);
			sourceTree = "<group>";
		};
		48CFAE4720A26813002D51D3 /* Products */ = {
			isa = PBXGroup;
			children = (
				48CFAE4620A26813002D51D3 /* bestBuyAppPractice.app */,
			);
			name = Products;
			sourceTree = "<group>";
		};
		48CFAE4820A26813002D51D3 /* bestBuyAppPractice */ = {
			isa = PBXGroup;
			children = (
				48CFAE4920A26813002D51D3 /* AppDelegate.swift */,
				48CFAE5B20A269F9002D51D3 /* ItemCell.swift */,
				48CFAE4B20A26813002D51D3 /* ViewController.swift */,
				48CFAE5D20A26BB2002D51D3 /* FetchedItem.swift */,
				48CFAE5F20A26D13002D51D3 /* Networking.swift */,
				48CFAE4D20A26813002D51D3 /* Main.storyboard */,
				48CFAE5020A26814002D51D3 /* Assets.xcassets */,
				48CFAE5220A26815002D51D3 /* LaunchScreen.storyboard */,
				48CFAE5520A26815002D51D3 /* Info.plist */,
			);
			path = bestBuyAppPractice;
			sourceTree = "<group>";
		};
		CA08D4463E4DD9B3DCAE90CD /* Frameworks */ = {
			isa = PBXGroup;
			children = (
				6D8AD025746B3469801068B2 /* Pods_bestBuyAppPractice.framework */,
			);
			name = Frameworks;
			sourceTree = "<group>";
		};
		D5E0D961456A71E43C46C904 /* Pods */ = {
			isa = PBXGroup;
			children = (
				6F57790A7841C98F9708267E /* Pods-bestBuyAppPractice.debug.xcconfig */,
				9D9CB812D17A3AF5D1ED76B3 /* Pods-bestBuyAppPractice.release.xcconfig */,
			);
			name = Pods;
			sourceTree = "<group>";
		};
/* End PBXGroup section */

/* Begin PBXNativeTarget section */
		48CFAE4520A26813002D51D3 /* bestBuyAppPractice */ = {
			isa = PBXNativeTarget;
			buildConfigurationList = 48CFAE5820A26815002D51D3 /* Build configuration list for PBXNativeTarget "bestBuyAppPractice" */;
			buildPhases = (
				50A24CF6218A08B1A115ED76 /* [CP] Check Pods Manifest.lock */,
				48CFAE4220A26813002D51D3 /* Sources */,
				48CFAE4320A26813002D51D3 /* Frameworks */,
				48CFAE4420A26813002D51D3 /* Resources */,
				DD40A8ADB2FD9CD8D25CB588 /* [CP] Embed Pods Frameworks */,
			);
			buildRules = (
			);
			dependencies = (
			);
			name = bestBuyAppPractice;
			productName = bestBuyAppPractice;
			productReference = 48CFAE4620A26813002D51D3 /* bestBuyAppPractice.app */;
			productType = "com.apple.product-type.application";
		};
/* End PBXNativeTarget section */

/* Begin PBXProject section */
		48CFAE3E20A26812002D51D3 /* Project object */ = {
			isa = PBXProject;
			attributes = {
				LastSwiftUpdateCheck = 0930;
				LastUpgradeCheck = 0930;
				ORGANIZATIONNAME = "Tony Cioara";
				TargetAttributes = {
					48CFAE4520A26813002D51D3 = {
						CreatedOnToolsVersion = 9.3;
					};
				};
			};
			buildConfigurationList = 48CFAE4120A26812002D51D3 /* Build configuration list for PBXProject "bestBuyAppPractice" */;
			compatibilityVersion = "Xcode 9.3";
			developmentRegion = en;
			hasScannedForEncodings = 0;
			knownRegions = (
				en,
				Base,
			);
			mainGroup = 48CFAE3D20A26812002D51D3;
			productRefGroup = 48CFAE4720A26813002D51D3 /* Products */;
			projectDirPath = "";
			projectRoot = "";
			targets = (
				48CFAE4520A26813002D51D3 /* bestBuyAppPractice */,
			);
		};
/* End PBXProject section */

/* Begin PBXResourcesBuildPhase section */
		48CFAE4420A26813002D51D3 /* Resources */ = {
			isa = PBXResourcesBuildPhase;
			buildActionMask = 2147483647;
			files = (
				48CFAE5420A26815002D51D3 /* LaunchScreen.storyboard in Resources */,
				48CFAE5120A26815002D51D3 /* Assets.xcassets in Resources */,
				48CFAE4F20A26813002D51D3 /* Main.storyboard in Resources */,
			);
			runOnlyForDeploymentPostprocessing = 0;
		};
/* End PBXResourcesBuildPhase section */

/* Begin PBXShellScriptBuildPhase section */
		50A24CF6218A08B1A115ED76 /* [CP] Check Pods Manifest.lock */ = {
			isa = PBXShellScriptBuildPhase;
			buildActionMask = 2147483647;
			files = (
			);
			inputPaths = (
				"${PODS_PODFILE_DIR_PATH}/Podfile.lock",
				"${PODS_ROOT}/Manifest.lock",
			);
			name = "[CP] Check Pods Manifest.lock";
			outputPaths = (
				"$(DERIVED_FILE_DIR)/Pods-bestBuyAppPractice-checkManifestLockResult.txt",
			);
			runOnlyForDeploymentPostprocessing = 0;
			shellPath = /bin/sh;
			shellScript = "diff \"${PODS_PODFILE_DIR_PATH}/Podfile.lock\" \"${PODS_ROOT}/Manifest.lock\" > /dev/null\nif [ $? != 0 ] ; then\n    # print error to STDERR\n    echo \"error: The sandbox is not in sync with the Podfile.lock. Run 'pod install' or update your CocoaPods installation.\" >&2\n    exit 1\nfi\n# This output is used by Xcode 'outputs' to avoid re-running this script phase.\necho \"SUCCESS\" > \"${SCRIPT_OUTPUT_FILE_0}\"\n";
			showEnvVarsInLog = 0;
		};
		DD40A8ADB2FD9CD8D25CB588 /* [CP] Embed Pods Frameworks */ = {
			isa = PBXShellScriptBuildPhase;
			buildActionMask = 2147483647;
			files = (
			);
			inputPaths = (
				"${SRCROOT}/Pods/Target Support Files/Pods-bestBuyAppPractice/Pods-bestBuyAppPractice-frameworks.sh",
				"${BUILT_PRODUCTS_DIR}/Kingfisher/Kingfisher.framework",
				"${BUILT_PRODUCTS_DIR}/SwiftyJSON/SwiftyJSON.framework",
			);
			name = "[CP] Embed Pods Frameworks";
			outputPaths = (
				"${TARGET_BUILD_DIR}/${FRAMEWORKS_FOLDER_PATH}/Kingfisher.framework",
				"${TARGET_BUILD_DIR}/${FRAMEWORKS_FOLDER_PATH}/SwiftyJSON.framework",
			);
			runOnlyForDeploymentPostprocessing = 0;
			shellPath = /bin/sh;
			shellScript = "\"${SRCROOT}/Pods/Target Support Files/Pods-bestBuyAppPractice/Pods-bestBuyAppPractice-frameworks.sh\"\n";
			showEnvVarsInLog = 0;
		};
/* End PBXShellScriptBuildPhase section */

/* Begin PBXSourcesBuildPhase section */
		48CFAE4220A26813002D51D3 /* Sources */ = {
			isa = PBXSourcesBuildPhase;
			buildActionMask = 2147483647;
			files = (
				48CFAE4C20A26813002D51D3 /* ViewController.swift in Sources */,
				48CFAE6020A26D13002D51D3 /* Networking.swift in Sources */,
				48CFAE4A20A26813002D51D3 /* AppDelegate.swift in Sources */,
				48CFAE5E20A26BB2002D51D3 /* FetchedItem.swift in Sources */,
				48CFAE5C20A269F9002D51D3 /* ItemCell.swift in Sources */,
			);
			runOnlyForDeploymentPostprocessing = 0;
		};
/* End PBXSourcesBuildPhase section */

/* Begin PBXVariantGroup section */
		48CFAE4D20A26813002D51D3 /* Main.storyboard */ = {
			isa = PBXVariantGroup;
			children = (
				48CFAE4E20A26813002D51D3 /* Base */,
			);
			name = Main.storyboard;
			sourceTree = "<group>";
		};
		48CFAE5220A26815002D51D3 /* LaunchScreen.storyboard */ = {
			isa = PBXVariantGroup;
			children = (
				48CFAE5320A26815002D51D3 /* Base */,
			);
			name = LaunchScreen.storyboard;
			sourceTree = "<group>";
		};
/* End PBXVariantGroup section */

/* Begin XCBuildConfiguration section */
		48CFAE5620A26815002D51D3 /* Debug */ = {
			isa = XCBuildConfiguration;
			buildSettings = {
				ALWAYS_SEARCH_USER_PATHS = NO;
				CLANG_ANALYZER_NONNULL = YES;
				CLANG_ANALYZER_NUMBER_OBJECT_CONVERSION = YES_AGGRESSIVE;
				CLANG_CXX_LANGUAGE_STANDARD = "gnu++14";
				CLANG_CXX_LIBRARY = "libc++";
				CLANG_ENABLE_MODULES = YES;
				CLANG_ENABLE_OBJC_ARC = YES;
				CLANG_ENABLE_OBJC_WEAK = YES;
				CLANG_WARN_BLOCK_CAPTURE_AUTORELEASING = YES;
				CLANG_WARN_BOOL_CONVERSION = YES;
				CLANG_WARN_COMMA = YES;
				CLANG_WARN_CONSTANT_CONVERSION = YES;
				CLANG_WARN_DEPRECATED_OBJC_IMPLEMENTATIONS = YES;
				CLANG_WARN_DIRECT_OBJC_ISA_USAGE = YES_ERROR;
				CLANG_WARN_DOCUMENTATION_COMMENTS = YES;
				CLANG_WARN_EMPTY_BODY = YES;
				CLANG_WARN_ENUM_CONVERSION = YES;
				CLANG_WARN_INFINITE_RECURSION = YES;
				CLANG_WARN_INT_CONVERSION = YES;
				CLANG_WARN_NON_LITERAL_NULL_CONVERSION = YES;
				CLANG_WARN_OBJC_IMPLICIT_RETAIN_SELF = YES;
				CLANG_WARN_OBJC_LITERAL_CONVERSION = YES;
				CLANG_WARN_OBJC_ROOT_CLASS = YES_ERROR;
				CLANG_WARN_RANGE_LOOP_ANALYSIS = YES;
				CLANG_WARN_STRICT_PROTOTYPES = YES;
				CLANG_WARN_SUSPICIOUS_MOVE = YES;
				CLANG_WARN_UNGUARDED_AVAILABILITY = YES_AGGRESSIVE;
				CLANG_WARN_UNREACHABLE_CODE = YES;
				CLANG_WARN__DUPLICATE_METHOD_MATCH = YES;
				CODE_SIGN_IDENTITY = "iPhone Developer";
				COPY_PHASE_STRIP = NO;
				DEBUG_INFORMATION_FORMAT = dwarf;
				ENABLE_STRICT_OBJC_MSGSEND = YES;
				ENABLE_TESTABILITY = YES;
				GCC_C_LANGUAGE_STANDARD = gnu11;
				GCC_DYNAMIC_NO_PIC = NO;
				GCC_NO_COMMON_BLOCKS = YES;
				GCC_OPTIMIZATION_LEVEL = 0;
				GCC_PREPROCESSOR_DEFINITIONS = (
					"DEBUG=1",
					"$(inherited)",
				);
				GCC_WARN_64_TO_32_BIT_CONVERSION = YES;
				GCC_WARN_ABOUT_RETURN_TYPE = YES_ERROR;
				GCC_WARN_UNDECLARED_SELECTOR = YES;
				GCC_WARN_UNINITIALIZED_AUTOS = YES_AGGRESSIVE;
				GCC_WARN_UNUSED_FUNCTION = YES;
				GCC_WARN_UNUSED_VARIABLE = YES;
				IPHONEOS_DEPLOYMENT_TARGET = 11.3;
				MTL_ENABLE_DEBUG_INFO = YES;
				ONLY_ACTIVE_ARCH = YES;
				SDKROOT = iphoneos;
				SWIFT_ACTIVE_COMPILATION_CONDITIONS = DEBUG;
				SWIFT_OPTIMIZATION_LEVEL = "-Onone";
			};
			name = Debug;
		};
		48CFAE5720A26815002D51D3 /* Release */ = {
			isa = XCBuildConfiguration;
			buildSettings = {
				ALWAYS_SEARCH_USER_PATHS = NO;
				CLANG_ANALYZER_NONNULL = YES;
				CLANG_ANALYZER_NUMBER_OBJECT_CONVERSION = YES_AGGRESSIVE;
				CLANG_CXX_LANGUAGE_STANDARD = "gnu++14";
				CLANG_CXX_LIBRARY = "libc++";
				CLANG_ENABLE_MODULES = YES;
				CLANG_ENABLE_OBJC_ARC = YES;
				CLANG_ENABLE_OBJC_WEAK = YES;
				CLANG_WARN_BLOCK_CAPTURE_AUTORELEASING = YES;
				CLANG_WARN_BOOL_CONVERSION = YES;
				CLANG_WARN_COMMA = YES;
				CLANG_WARN_CONSTANT_CONVERSION = YES;
				CLANG_WARN_DEPRECATED_OBJC_IMPLEMENTATIONS = YES;
				CLANG_WARN_DIRECT_OBJC_ISA_USAGE = YES_ERROR;
				CLANG_WARN_DOCUMENTATION_COMMENTS = YES;
				CLANG_WARN_EMPTY_BODY = YES;
				CLANG_WARN_ENUM_CONVERSION = YES;
				CLANG_WARN_INFINITE_RECURSION = YES;
				CLANG_WARN_INT_CONVERSION = YES;
				CLANG_WARN_NON_LITERAL_NULL_CONVERSION = YES;
				CLANG_WARN_OBJC_IMPLICIT_RETAIN_SELF = YES;
				CLANG_WARN_OBJC_LITERAL_CONVERSION = YES;
				CLANG_WARN_OBJC_ROOT_CLASS = YES_ERROR;
				CLANG_WARN_RANGE_LOOP_ANALYSIS = YES;
				CLANG_WARN_STRICT_PROTOTYPES = YES;
				CLANG_WARN_SUSPICIOUS_MOVE = YES;
				CLANG_WARN_UNGUARDED_AVAILABILITY = YES_AGGRESSIVE;
				CLANG_WARN_UNREACHABLE_CODE = YES;
				CLANG_WARN__DUPLICATE_METHOD_MATCH = YES;
				CODE_SIGN_IDENTITY = "iPhone Developer";
				COPY_PHASE_STRIP = NO;
				DEBUG_INFORMATION_FORMAT = "dwarf-with-dsym";
				ENABLE_NS_ASSERTIONS = NO;
				ENABLE_STRICT_OBJC_MSGSEND = YES;
				GCC_C_LANGUAGE_STANDARD = gnu11;
				GCC_NO_COMMON_BLOCKS = YES;
				GCC_WARN_64_TO_32_BIT_CONVERSION = YES;
				GCC_WARN_ABOUT_RETURN_TYPE = YES_ERROR;
				GCC_WARN_UNDECLARED_SELECTOR = YES;
				GCC_WARN_UNINITIALIZED_AUTOS = YES_AGGRESSIVE;
				GCC_WARN_UNUSED_FUNCTION = YES;
				GCC_WARN_UNUSED_VARIABLE = YES;
				IPHONEOS_DEPLOYMENT_TARGET = 11.3;
				MTL_ENABLE_DEBUG_INFO = NO;
				SDKROOT = iphoneos;
				SWIFT_COMPILATION_MODE = wholemodule;
				SWIFT_OPTIMIZATION_LEVEL = "-O";
				VALIDATE_PRODUCT = YES;
			};
			name = Release;
		};
		48CFAE5920A26815002D51D3 /* Debug */ = {
			isa = XCBuildConfiguration;
			baseConfigurationReference = 6F57790A7841C98F9708267E /* Pods-bestBuyAppPractice.debug.xcconfig */;
			buildSettings = {
				ASSETCATALOG_COMPILER_APPICON_NAME = AppIcon;
				CODE_SIGN_STYLE = Automatic;
				DEVELOPMENT_TEAM = JDYWQEVARC;
				INFOPLIST_FILE = bestBuyAppPractice/Info.plist;
				LD_RUNPATH_SEARCH_PATHS = "$(inherited) @executable_path/Frameworks";
				PRODUCT_BUNDLE_IDENTIFIER = com.TonyCioara.bestBuyAppPractice;
				PRODUCT_NAME = "$(TARGET_NAME)";
				SWIFT_VERSION = 4.0;
				TARGETED_DEVICE_FAMILY = "1,2";
			};
			name = Debug;
		};
		48CFAE5A20A26815002D51D3 /* Release */ = {
			isa = XCBuildConfiguration;
			baseConfigurationReference = 9D9CB812D17A3AF5D1ED76B3 /* Pods-bestBuyAppPractice.release.xcconfig */;
			buildSettings = {
				ASSETCATALOG_COMPILER_APPICON_NAME = AppIcon;
				CODE_SIGN_STYLE = Automatic;
				DEVELOPMENT_TEAM = JDYWQEVARC;
				INFOPLIST_FILE = bestBuyAppPractice/Info.plist;
				LD_RUNPATH_SEARCH_PATHS = "$(inherited) @executable_path/Frameworks";
				PRODUCT_BUNDLE_IDENTIFIER = com.TonyCioara.bestBuyAppPractice;
				PRODUCT_NAME = "$(TARGET_NAME)";
				SWIFT_VERSION = 4.0;
				TARGETED_DEVICE_FAMILY = "1,2";
			};
			name = Release;
		};
/* End XCBuildConfiguration section */

/* Begin XCConfigurationList section */
		48CFAE4120A26812002D51D3 /* Build configuration list for PBXProject "bestBuyAppPractice" */ = {
			isa = XCConfigurationList;
			buildConfigurations = (
				48CFAE5620A26815002D51D3 /* Debug */,
				48CFAE5720A26815002D51D3 /* Release */,
			);
			defaultConfigurationIsVisible = 0;
			defaultConfigurationName = Release;
		};
		48CFAE5820A26815002D51D3 /* Build configuration list for PBXNativeTarget "bestBuyAppPractice" */ = {
			isa = XCConfigurationList;
			buildConfigurations = (
				48CFAE5920A26815002D51D3 /* Debug */,
				48CFAE5A20A26815002D51D3 /* Release */,
			);
			defaultConfigurationIsVisible = 0;
			defaultConfigurationName = Release;
		};
/* End XCConfigurationList section */
	};
	rootObject = 48CFAE3E20A26812002D51D3 /* Project object */;
}
